
Microsoft Visual Studio Solution File, Format Version 12.00
# Visual Studio Version 16
VisualStudioVersion = 25.0.1706.9
MinimumVisualStudioVersion = 10.0.40219.1
Project("{FAE04EC0-301F-11D3-BF4B-00C04F79EFBC}") = "Task 1", "Task 1\Task 1.csproj", "{63500BC6-7355-4354-9910-23DF96A1494A}"
EndProject
Global
	GlobalSection(SolutionConfigurationPlatforms) = preSolution
		Debug|Any CPU = Debug|Any CPU
		Release|Any CPU = Release|Any CPU
	EndGlobalSection
	GlobalSection(ProjectConfigurationPlatforms) = postSolution
		{63500BC6-7355-4354-9910-23DF96A1494A}.Debug|Any CPU.ActiveCfg = Debug|Any CPU
		{63500BC6-7355-4354-9910-23DF96A1494A}.Debug|Any CPU.Build.0 = Debug|Any CPU
		{63500BC6-7355-4354-9910-23DF96A1494A}.Release|Any CPU.ActiveCfg = Release|Any CPU
		{63500BC6-7355-4354-9910-23DF96A1494A}.Release|Any CPU.Build.0 = Release|Any CPU
	EndGlobalSection
	GlobalSection(SolutionProperties) = preSolution
		HideSolutionNode = FALSE
	EndGlobalSection
	GlobalSection(ExtensibilityGlobals) = postSolution
		SolutionGuid = {90FF732A-7FFD-4F68-B0E7-50777457BBB2}
	EndGlobalSection
EndGlobal
